// !$*UTF8*$!
{
	archiveVersion = 1;
	classes = {
	};
	objectVersion = 56;
	objects = {

/* Begin PBXBuildFile section */
		9EDC192629ABB98100BFE2CD /* AppDelegate.swift in Sources */ = {isa = PBXBuildFile; fileRef = 9EDC192529ABB98100BFE2CD /* AppDelegate.swift */; };
		9EDC192829ABB98100BFE2CD /* SceneDelegate.swift in Sources */ = {isa = PBXBuildFile; fileRef = 9EDC192729ABB98100BFE2CD /* SceneDelegate.swift */; };
		9EDC192A29ABB98100BFE2CD /* OverviewController.swift in Sources */ = {isa = PBXBuildFile; fileRef = 9EDC192929ABB98100BFE2CD /* OverviewController.swift */; };
		9EDC193229ABB98200BFE2CD /* Assets.xcassets in Resources */ = {isa = PBXBuildFile; fileRef = 9EDC193129ABB98200BFE2CD /* Assets.xcassets */; };
		9EDC193529ABB98200BFE2CD /* LaunchScreen.storyboard in Resources */ = {isa = PBXBuildFile; fileRef = 9EDC193329ABB98200BFE2CD /* LaunchScreen.storyboard */; };
		9EDC194229ABBD4300BFE2CD /* TabBarController.swift in Sources */ = {isa = PBXBuildFile; fileRef = 9EDC194129ABBD4300BFE2CD /* TabBarController.swift */; };
		9EDC194629ABBE6100BFE2CD /* UI color + extension.swift in Sources */ = {isa = PBXBuildFile; fileRef = 9EDC194529ABBE6100BFE2CD /* UI color + extension.swift */; };
		9EDC194829ABBE9B00BFE2CD /* Resources.swift in Sources */ = {isa = PBXBuildFile; fileRef = 9EDC194729ABBE9B00BFE2CD /* Resources.swift */; };
		9EDC194A29AC6D1300BFE2CD /* NavBarController.swift in Sources */ = {isa = PBXBuildFile; fileRef = 9EDC194929AC6D1300BFE2CD /* NavBarController.swift */; };
		9EDC194C29AC7C7C00BFE2CD /* BaseController.swift in Sources */ = {isa = PBXBuildFile; fileRef = 9EDC194B29AC7C7C00BFE2CD /* BaseController.swift */; };
		9EDC194E29AC7EC900BFE2CD /* UIView + extension.swift in Sources */ = {isa = PBXBuildFile; fileRef = 9EDC194D29AC7EC900BFE2CD /* UIView + extension.swift */; };
		9EDC195729AC80AA00BFE2CD /* SettingsController.swift in Sources */ = {isa = PBXBuildFile; fileRef = 9EDC195629AC80AA00BFE2CD /* SettingsController.swift */; };
		9EDC195929AC80E000BFE2CD /* ProgressController.swift in Sources */ = {isa = PBXBuildFile; fileRef = 9EDC195829AC80E000BFE2CD /* ProgressController.swift */; };
		9EDC195F29AC81C600BFE2CD /* SessionController.swift in Sources */ = {isa = PBXBuildFile; fileRef = 9EDC195E29AC81C600BFE2CD /* SessionController.swift */; };
		9EDC196229AC94E600BFE2CD /* WAButton.swift in Sources */ = {isa = PBXBuildFile; fileRef = 9EDC196129AC94E600BFE2CD /* WAButton.swift */; };
		9EDC196429ACA3FF00BFE2CD /* OverviewNavBar.swift in Sources */ = {isa = PBXBuildFile; fileRef = 9EDC196329ACA3FF00BFE2CD /* OverviewNavBar.swift */; };
		9EDC196629ACA42100BFE2CD /* BaseView.swift in Sources */ = {isa = PBXBuildFile; fileRef = 9EDC196529ACA42100BFE2CD /* BaseView.swift */; };
		9EDC196929ACBA8C00BFE2CD /* WeekView.swift in Sources */ = {isa = PBXBuildFile; fileRef = 9EDC196829ACBA8C00BFE2CD /* WeekView.swift */; };
		9EDC196B29ACBCF100BFE2CD /* WeekdayView.swift in Sources */ = {isa = PBXBuildFile; fileRef = 9EDC196A29ACBCF100BFE2CD /* WeekdayView.swift */; };
		9EDC196D29ACC45100BFE2CD /* Date + extension.swift in Sources */ = {isa = PBXBuildFile; fileRef = 9EDC196C29ACC45100BFE2CD /* Date + extension.swift */; };
		9EDC197129ACD28C00BFE2CD /* WABaseInfoView.swift in Sources */ = {isa = PBXBuildFile; fileRef = 9EDC197029ACD28C00BFE2CD /* WABaseInfoView.swift */; };
		9EDC197529AF5FD700BFE2CD /* TimerView.swift in Sources */ = {isa = PBXBuildFile; fileRef = 9EDC197429AF5FD700BFE2CD /* TimerView.swift */; };
		9EDC197829AF606300BFE2CD /* ProgressView.swift in Sources */ = {isa = PBXBuildFile; fileRef = 9EDC197729AF606300BFE2CD /* ProgressView.swift */; };
/* End PBXBuildFile section */

/* Begin PBXFileReference section */
		9EDC192229ABB98100BFE2CD /* workoutTracker.app */ = {isa = PBXFileReference; explicitFileType = wrapper.application; includeInIndex = 0; path = workoutTracker.app; sourceTree = BUILT_PRODUCTS_DIR; };
		9EDC192529ABB98100BFE2CD /* AppDelegate.swift */ = {isa = PBXFileReference; lastKnownFileType = sourcecode.swift; path = AppDelegate.swift; sourceTree = "<group>"; };
		9EDC192729ABB98100BFE2CD /* SceneDelegate.swift */ = {isa = PBXFileReference; lastKnownFileType = sourcecode.swift; path = SceneDelegate.swift; sourceTree = "<group>"; };
		9EDC192929ABB98100BFE2CD /* OverviewController.swift */ = {isa = PBXFileReference; lastKnownFileType = sourcecode.swift; path = OverviewController.swift; sourceTree = "<group>"; };
		9EDC193129ABB98200BFE2CD /* Assets.xcassets */ = {isa = PBXFileReference; lastKnownFileType = folder.assetcatalog; path = Assets.xcassets; sourceTree = "<group>"; };
		9EDC193429ABB98200BFE2CD /* Base */ = {isa = PBXFileReference; lastKnownFileType = file.storyboard; name = Base; path = Base.lproj/LaunchScreen.storyboard; sourceTree = "<group>"; };
		9EDC193629ABB98200BFE2CD /* Info.plist */ = {isa = PBXFileReference; lastKnownFileType = text.plist.xml; path = Info.plist; sourceTree = "<group>"; };
		9EDC193C29ABB99000BFE2CD /* README.md */ = {isa = PBXFileReference; lastKnownFileType = net.daringfireball.markdown; path = README.md; sourceTree = "<group>"; };
		9EDC193D29ABB9D800BFE2CD /* .gitignore */ = {isa = PBXFileReference; lastKnownFileType = text; path = .gitignore; sourceTree = "<group>"; };
		9EDC194129ABBD4300BFE2CD /* TabBarController.swift */ = {isa = PBXFileReference; lastKnownFileType = sourcecode.swift; path = TabBarController.swift; sourceTree = "<group>"; };
		9EDC194529ABBE6100BFE2CD /* UI color + extension.swift */ = {isa = PBXFileReference; lastKnownFileType = sourcecode.swift; path = "UI color + extension.swift"; sourceTree = "<group>"; };
		9EDC194729ABBE9B00BFE2CD /* Resources.swift */ = {isa = PBXFileReference; lastKnownFileType = sourcecode.swift; path = Resources.swift; sourceTree = "<group>"; };
		9EDC194929AC6D1300BFE2CD /* NavBarController.swift */ = {isa = PBXFileReference; lastKnownFileType = sourcecode.swift; path = NavBarController.swift; sourceTree = "<group>"; };
		9EDC194B29AC7C7C00BFE2CD /* BaseController.swift */ = {isa = PBXFileReference; lastKnownFileType = sourcecode.swift; path = BaseController.swift; sourceTree = "<group>"; };
		9EDC194D29AC7EC900BFE2CD /* UIView + extension.swift */ = {isa = PBXFileReference; lastKnownFileType = sourcecode.swift; path = "UIView + extension.swift"; sourceTree = "<group>"; };
		9EDC195629AC80AA00BFE2CD /* SettingsController.swift */ = {isa = PBXFileReference; lastKnownFileType = sourcecode.swift; path = SettingsController.swift; sourceTree = "<group>"; };
		9EDC195829AC80E000BFE2CD /* ProgressController.swift */ = {isa = PBXFileReference; lastKnownFileType = sourcecode.swift; path = ProgressController.swift; sourceTree = "<group>"; };
		9EDC195E29AC81C600BFE2CD /* SessionController.swift */ = {isa = PBXFileReference; lastKnownFileType = sourcecode.swift; path = SessionController.swift; sourceTree = "<group>"; };
		9EDC196129AC94E600BFE2CD /* WAButton.swift */ = {isa = PBXFileReference; lastKnownFileType = sourcecode.swift; path = WAButton.swift; sourceTree = "<group>"; };
		9EDC196329ACA3FF00BFE2CD /* OverviewNavBar.swift */ = {isa = PBXFileReference; lastKnownFileType = sourcecode.swift; path = OverviewNavBar.swift; sourceTree = "<group>"; };
		9EDC196529ACA42100BFE2CD /* BaseView.swift */ = {isa = PBXFileReference; lastKnownFileType = sourcecode.swift; path = BaseView.swift; sourceTree = "<group>"; };
		9EDC196829ACBA8C00BFE2CD /* WeekView.swift */ = {isa = PBXFileReference; lastKnownFileType = sourcecode.swift; path = WeekView.swift; sourceTree = "<group>"; };
		9EDC196A29ACBCF100BFE2CD /* WeekdayView.swift */ = {isa = PBXFileReference; lastKnownFileType = sourcecode.swift; path = WeekdayView.swift; sourceTree = "<group>"; };
		9EDC196C29ACC45100BFE2CD /* Date + extension.swift */ = {isa = PBXFileReference; lastKnownFileType = sourcecode.swift; path = "Date + extension.swift"; sourceTree = "<group>"; };
		9EDC197029ACD28C00BFE2CD /* WABaseInfoView.swift */ = {isa = PBXFileReference; lastKnownFileType = sourcecode.swift; path = WABaseInfoView.swift; sourceTree = "<group>"; };
		9EDC197429AF5FD700BFE2CD /* TimerView.swift */ = {isa = PBXFileReference; lastKnownFileType = sourcecode.swift; path = TimerView.swift; sourceTree = "<group>"; };
		9EDC197729AF606300BFE2CD /* ProgressView.swift */ = {isa = PBXFileReference; lastKnownFileType = sourcecode.swift; path = ProgressView.swift; sourceTree = "<group>"; };
/* End PBXFileReference section */

/* Begin PBXFrameworksBuildPhase section */
		9EDC191F29ABB98100BFE2CD /* Frameworks */ = {
			isa = PBXFrameworksBuildPhase;
			buildActionMask = 2147483647;
			files = (
			);
			runOnlyForDeploymentPostprocessing = 0;
		};
/* End PBXFrameworksBuildPhase section */

/* Begin PBXGroup section */
		9EDC191929ABB98100BFE2CD = {
			isa = PBXGroup;
			children = (
				9EDC193D29ABB9D800BFE2CD /* .gitignore */,
				9EDC193C29ABB99000BFE2CD /* README.md */,
				9EDC192429ABB98100BFE2CD /* workoutTracker */,
				9EDC192329ABB98100BFE2CD /* Products */,
			);
			sourceTree = "<group>";
		};
		9EDC192329ABB98100BFE2CD /* Products */ = {
			isa = PBXGroup;
			children = (
				9EDC192229ABB98100BFE2CD /* workoutTracker.app */,
			);
			name = Products;
			sourceTree = "<group>";
		};
		9EDC192429ABB98100BFE2CD /* workoutTracker */ = {
			isa = PBXGroup;
			children = (
				9EDC194329ABBDE600BFE2CD /* Helpers */,
				9EDC193E29ABBB8200BFE2CD /* Application */,
				9EDC194029ABBBBC00BFE2CD /* Controller */,
				9EDC193F29ABBBB000BFE2CD /* Supporting */,
			);
			path = workoutTracker;
			sourceTree = "<group>";
		};
		9EDC193E29ABBB8200BFE2CD /* Application */ = {
			isa = PBXGroup;
			children = (
				9EDC192529ABB98100BFE2CD /* AppDelegate.swift */,
				9EDC192729ABB98100BFE2CD /* SceneDelegate.swift */,
			);
			path = Application;
			sourceTree = "<group>";
		};
		9EDC193F29ABBBB000BFE2CD /* Supporting */ = {
			isa = PBXGroup;
			children = (
				9EDC193129ABB98200BFE2CD /* Assets.xcassets */,
				9EDC193329ABB98200BFE2CD /* LaunchScreen.storyboard */,
				9EDC193629ABB98200BFE2CD /* Info.plist */,
			);
			path = Supporting;
			sourceTree = "<group>";
		};
		9EDC194029ABBBBC00BFE2CD /* Controller */ = {
			isa = PBXGroup;
			children = (
				9EDC194F29AC803700BFE2CD /* Base */,
				9EDC195029AC804D00BFE2CD /* Overview */,
				9EDC195A29AC80FC00BFE2CD /* Session */,
				9EDC195D29AC810700BFE2CD /* Progress */,
				9EDC195C29AC810000BFE2CD /* Settings */,
			);
			path = Controller;
			sourceTree = "<group>";
		};
		9EDC194329ABBDE600BFE2CD /* Helpers */ = {
			isa = PBXGroup;
			children = (
				9EDC194429ABBDED00BFE2CD /* Extensions */,
				9EDC194729ABBE9B00BFE2CD /* Resources.swift */,
			);
			path = Helpers;
			sourceTree = "<group>";
		};
		9EDC194429ABBDED00BFE2CD /* Extensions */ = {
			isa = PBXGroup;
			children = (
				9EDC194529ABBE6100BFE2CD /* UI color + extension.swift */,
				9EDC194D29AC7EC900BFE2CD /* UIView + extension.swift */,
				9EDC196C29ACC45100BFE2CD /* Date + extension.swift */,
			);
			path = Extensions;
			sourceTree = "<group>";
		};
		9EDC194F29AC803700BFE2CD /* Base */ = {
			isa = PBXGroup;
			children = (
				9EDC194129ABBD4300BFE2CD /* TabBarController.swift */,
				9EDC194929AC6D1300BFE2CD /* NavBarController.swift */,
				9EDC194B29AC7C7C00BFE2CD /* BaseController.swift */,
				9EDC196129AC94E600BFE2CD /* WAButton.swift */,
				9EDC196F29ACD27F00BFE2CD /* Views */,
			);
			path = Base;
			sourceTree = "<group>";
		};
		9EDC195029AC804D00BFE2CD /* Overview */ = {
			isa = PBXGroup;
			children = (
				9EDC196029AC94D100BFE2CD /* Views */,
				9EDC192929ABB98100BFE2CD /* OverviewController.swift */,
			);
			path = Overview;
			sourceTree = "<group>";
		};
		9EDC195A29AC80FC00BFE2CD /* Session */ = {
			isa = PBXGroup;
			children = (
				9EDC197329AF5FC000BFE2CD /* Views */,
				9EDC195E29AC81C600BFE2CD /* SessionController.swift */,
			);
			path = Session;
			sourceTree = "<group>";
		};
		9EDC195C29AC810000BFE2CD /* Settings */ = {
			isa = PBXGroup;
			children = (
				9EDC195629AC80AA00BFE2CD /* SettingsController.swift */,
			);
			path = Settings;
			sourceTree = "<group>";
		};
		9EDC195D29AC810700BFE2CD /* Progress */ = {
			isa = PBXGroup;
			children = (
				9EDC195829AC80E000BFE2CD /* ProgressController.swift */,
			);
			path = Progress;
			sourceTree = "<group>";
		};
		9EDC196029AC94D100BFE2CD /* Views */ = {
			isa = PBXGroup;
			children = (
				9EDC196729ACBA7A00BFE2CD /* WeekView */,
				9EDC197229AF436500BFE2CD /* NavBar */,
			);
			path = Views;
			sourceTree = "<group>";
		};
		9EDC196729ACBA7A00BFE2CD /* WeekView */ = {
			isa = PBXGroup;
			children = (
				9EDC196829ACBA8C00BFE2CD /* WeekView.swift */,
				9EDC196A29ACBCF100BFE2CD /* WeekdayView.swift */,
			);
			path = WeekView;
			sourceTree = "<group>";
		};
		9EDC196F29ACD27F00BFE2CD /* Views */ = {
			isa = PBXGroup;
			children = (
				9EDC196529ACA42100BFE2CD /* BaseView.swift */,
				9EDC197029ACD28C00BFE2CD /* WABaseInfoView.swift */,
			);
			path = Views;
			sourceTree = "<group>";
		};
		9EDC197229AF436500BFE2CD /* NavBar */ = {
			isa = PBXGroup;
			children = (
				9EDC196329ACA3FF00BFE2CD /* OverviewNavBar.swift */,
			);
			path = NavBar;
			sourceTree = "<group>";
		};
		9EDC197329AF5FC000BFE2CD /* Views */ = {
			isa = PBXGroup;
			children = (
				9EDC197629AF605800BFE2CD /* TImer */,
			);
			path = Views;
			sourceTree = "<group>";
		};
		9EDC197629AF605800BFE2CD /* TImer */ = {
			isa = PBXGroup;
			children = (
				9EDC197429AF5FD700BFE2CD /* TimerView.swift */,
				9EDC197729AF606300BFE2CD /* ProgressView.swift */,
			);
			path = TImer;
			sourceTree = "<group>";
		};
/* End PBXGroup section */

/* Begin PBXNativeTarget section */
		9EDC192129ABB98100BFE2CD /* workoutTracker */ = {
			isa = PBXNativeTarget;
			buildConfigurationList = 9EDC193929ABB98200BFE2CD /* Build configuration list for PBXNativeTarget "workoutTracker" */;
			buildPhases = (
				9EDC191E29ABB98100BFE2CD /* Sources */,
				9EDC191F29ABB98100BFE2CD /* Frameworks */,
				9EDC192029ABB98100BFE2CD /* Resources */,
			);
			buildRules = (
			);
			dependencies = (
			);
			name = workoutTracker;
			productName = workoutTracker;
			productReference = 9EDC192229ABB98100BFE2CD /* workoutTracker.app */;
			productType = "com.apple.product-type.application";
		};
/* End PBXNativeTarget section */

/* Begin PBXProject section */
		9EDC191A29ABB98100BFE2CD /* Project object */ = {
			isa = PBXProject;
			attributes = {
				BuildIndependentTargetsInParallel = 1;
				LastSwiftUpdateCheck = 1420;
				LastUpgradeCheck = 1420;
				TargetAttributes = {
					9EDC192129ABB98100BFE2CD = {
						CreatedOnToolsVersion = 14.2;
					};
				};
			};
			buildConfigurationList = 9EDC191D29ABB98100BFE2CD /* Build configuration list for PBXProject "workoutTracker" */;
			compatibilityVersion = "Xcode 14.0";
			developmentRegion = en;
			hasScannedForEncodings = 0;
			knownRegions = (
				en,
				Base,
			);
			mainGroup = 9EDC191929ABB98100BFE2CD;
			productRefGroup = 9EDC192329ABB98100BFE2CD /* Products */;
			projectDirPath = "";
			projectRoot = "";
			targets = (
				9EDC192129ABB98100BFE2CD /* workoutTracker */,
			);
		};
/* End PBXProject section */

/* Begin PBXResourcesBuildPhase section */
		9EDC192029ABB98100BFE2CD /* Resources */ = {
			isa = PBXResourcesBuildPhase;
			buildActionMask = 2147483647;
			files = (
				9EDC193529ABB98200BFE2CD /* LaunchScreen.storyboard in Resources */,
				9EDC193229ABB98200BFE2CD /* Assets.xcassets in Resources */,
			);
			runOnlyForDeploymentPostprocessing = 0;
		};
/* End PBXResourcesBuildPhase section */

/* Begin PBXSourcesBuildPhase section */
		9EDC191E29ABB98100BFE2CD /* Sources */ = {
			isa = PBXSourcesBuildPhase;
			buildActionMask = 2147483647;
			files = (
				9EDC195729AC80AA00BFE2CD /* SettingsController.swift in Sources */,
				9EDC196929ACBA8C00BFE2CD /* WeekView.swift in Sources */,
				9EDC194629ABBE6100BFE2CD /* UI color + extension.swift in Sources */,
				9EDC196429ACA3FF00BFE2CD /* OverviewNavBar.swift in Sources */,
				9EDC192A29ABB98100BFE2CD /* OverviewController.swift in Sources */,
				9EDC194E29AC7EC900BFE2CD /* UIView + extension.swift in Sources */,
				9EDC195929AC80E000BFE2CD /* ProgressController.swift in Sources */,
				9EDC194229ABBD4300BFE2CD /* TabBarController.swift in Sources */,
				9EDC196229AC94E600BFE2CD /* WAButton.swift in Sources */,
				9EDC197129ACD28C00BFE2CD /* WABaseInfoView.swift in Sources */,
				9EDC197529AF5FD700BFE2CD /* TimerView.swift in Sources */,
				9EDC197829AF606300BFE2CD /* ProgressView.swift in Sources */,
				9EDC194A29AC6D1300BFE2CD /* NavBarController.swift in Sources */,
				9EDC194829ABBE9B00BFE2CD /* Resources.swift in Sources */,
				9EDC196D29ACC45100BFE2CD /* Date + extension.swift in Sources */,
				9EDC192629ABB98100BFE2CD /* AppDelegate.swift in Sources */,
				9EDC194C29AC7C7C00BFE2CD /* BaseController.swift in Sources */,
				9EDC196629ACA42100BFE2CD /* BaseView.swift in Sources */,
				9EDC196B29ACBCF100BFE2CD /* WeekdayView.swift in Sources */,
				9EDC195F29AC81C600BFE2CD /* SessionController.swift in Sources */,
				9EDC192829ABB98100BFE2CD /* SceneDelegate.swift in Sources */,
			);
			runOnlyForDeploymentPostprocessing = 0;
		};
/* End PBXSourcesBuildPhase section */

/* Begin PBXVariantGroup section */
		9EDC193329ABB98200BFE2CD /* LaunchScreen.storyboard */ = {
			isa = PBXVariantGroup;
			children = (
				9EDC193429ABB98200BFE2CD /* Base */,
			);
			name = LaunchScreen.storyboard;
			sourceTree = "<group>";
		};
/* End PBXVariantGroup section */

/* Begin XCBuildConfiguration section */
		9EDC193729ABB98200BFE2CD /* Debug */ = {
			isa = XCBuildConfiguration;
			buildSettings = {
				ALWAYS_SEARCH_USER_PATHS = NO;
				CLANG_ANALYZER_NONNULL = YES;
				CLANG_ANALYZER_NUMBER_OBJECT_CONVERSION = YES_AGGRESSIVE;
				CLANG_CXX_LANGUAGE_STANDARD = "gnu++20";
				CLANG_ENABLE_MODULES = YES;
				CLANG_ENABLE_OBJC_ARC = YES;
				CLANG_ENABLE_OBJC_WEAK = YES;
				CLANG_WARN_BLOCK_CAPTURE_AUTORELEASING = YES;
				CLANG_WARN_BOOL_CONVERSION = YES;
				CLANG_WARN_COMMA = YES;
				CLANG_WARN_CONSTANT_CONVERSION = YES;
				CLANG_WARN_DEPRECATED_OBJC_IMPLEMENTATIONS = YES;
				CLANG_WARN_DIRECT_OBJC_ISA_USAGE = YES_ERROR;
				CLANG_WARN_DOCUMENTATION_COMMENTS = YES;
				CLANG_WARN_EMPTY_BODY = YES;
				CLANG_WARN_ENUM_CONVERSION = YES;
				CLANG_WARN_INFINITE_RECURSION = YES;
				CLANG_WARN_INT_CONVERSION = YES;
				CLANG_WARN_NON_LITERAL_NULL_CONVERSION = YES;
				CLANG_WARN_OBJC_IMPLICIT_RETAIN_SELF = YES;
				CLANG_WARN_OBJC_LITERAL_CONVERSION = YES;
				CLANG_WARN_OBJC_ROOT_CLASS = YES_ERROR;
				CLANG_WARN_QUOTED_INCLUDE_IN_FRAMEWORK_HEADER = YES;
				CLANG_WARN_RANGE_LOOP_ANALYSIS = YES;
				CLANG_WARN_STRICT_PROTOTYPES = YES;
				CLANG_WARN_SUSPICIOUS_MOVE = YES;
				CLANG_WARN_UNGUARDED_AVAILABILITY = YES_AGGRESSIVE;
				CLANG_WARN_UNREACHABLE_CODE = YES;
				CLANG_WARN__DUPLICATE_METHOD_MATCH = YES;
				COPY_PHASE_STRIP = NO;
				DEBUG_INFORMATION_FORMAT = dwarf;
				ENABLE_STRICT_OBJC_MSGSEND = YES;
				ENABLE_TESTABILITY = YES;
				GCC_C_LANGUAGE_STANDARD = gnu11;
				GCC_DYNAMIC_NO_PIC = NO;
				GCC_NO_COMMON_BLOCKS = YES;
				GCC_OPTIMIZATION_LEVEL = 0;
				GCC_PREPROCESSOR_DEFINITIONS = (
					"DEBUG=1",
					"$(inherited)",
				);
				GCC_WARN_64_TO_32_BIT_CONVERSION = YES;
				GCC_WARN_ABOUT_RETURN_TYPE = YES_ERROR;
				GCC_WARN_UNDECLARED_SELECTOR = YES;
				GCC_WARN_UNINITIALIZED_AUTOS = YES_AGGRESSIVE;
				GCC_WARN_UNUSED_FUNCTION = YES;
				GCC_WARN_UNUSED_VARIABLE = YES;
				IPHONEOS_DEPLOYMENT_TARGET = 16.2;
				MTL_ENABLE_DEBUG_INFO = INCLUDE_SOURCE;
				MTL_FAST_MATH = YES;
				ONLY_ACTIVE_ARCH = YES;
				SDKROOT = iphoneos;
				SWIFT_ACTIVE_COMPILATION_CONDITIONS = DEBUG;
				SWIFT_OPTIMIZATION_LEVEL = "-Onone";
			};
			name = Debug;
		};
		9EDC193829ABB98200BFE2CD /* Release */ = {
			isa = XCBuildConfiguration;
			buildSettings = {
				ALWAYS_SEARCH_USER_PATHS = NO;
				CLANG_ANALYZER_NONNULL = YES;
				CLANG_ANALYZER_NUMBER_OBJECT_CONVERSION = YES_AGGRESSIVE;
				CLANG_CXX_LANGUAGE_STANDARD = "gnu++20";
				CLANG_ENABLE_MODULES = YES;
				CLANG_ENABLE_OBJC_ARC = YES;
				CLANG_ENABLE_OBJC_WEAK = YES;
				CLANG_WARN_BLOCK_CAPTURE_AUTORELEASING = YES;
				CLANG_WARN_BOOL_CONVERSION = YES;
				CLANG_WARN_COMMA = YES;
				CLANG_WARN_CONSTANT_CONVERSION = YES;
				CLANG_WARN_DEPRECATED_OBJC_IMPLEMENTATIONS = YES;
				CLANG_WARN_DIRECT_OBJC_ISA_USAGE = YES_ERROR;
				CLANG_WARN_DOCUMENTATION_COMMENTS = YES;
				CLANG_WARN_EMPTY_BODY = YES;
				CLANG_WARN_ENUM_CONVERSION = YES;
				CLANG_WARN_INFINITE_RECURSION = YES;
				CLANG_WARN_INT_CONVERSION = YES;
				CLANG_WARN_NON_LITERAL_NULL_CONVERSION = YES;
				CLANG_WARN_OBJC_IMPLICIT_RETAIN_SELF = YES;
				CLANG_WARN_OBJC_LITERAL_CONVERSION = YES;
				CLANG_WARN_OBJC_ROOT_CLASS = YES_ERROR;
				CLANG_WARN_QUOTED_INCLUDE_IN_FRAMEWORK_HEADER = YES;
				CLANG_WARN_RANGE_LOOP_ANALYSIS = YES;
				CLANG_WARN_STRICT_PROTOTYPES = YES;
				CLANG_WARN_SUSPICIOUS_MOVE = YES;
				CLANG_WARN_UNGUARDED_AVAILABILITY = YES_AGGRESSIVE;
				CLANG_WARN_UNREACHABLE_CODE = YES;
				CLANG_WARN__DUPLICATE_METHOD_MATCH = YES;
				COPY_PHASE_STRIP = NO;
				DEBUG_INFORMATION_FORMAT = "dwarf-with-dsym";
				ENABLE_NS_ASSERTIONS = NO;
				ENABLE_STRICT_OBJC_MSGSEND = YES;
				GCC_C_LANGUAGE_STANDARD = gnu11;
				GCC_NO_COMMON_BLOCKS = YES;
				GCC_WARN_64_TO_32_BIT_CONVERSION = YES;
				GCC_WARN_ABOUT_RETURN_TYPE = YES_ERROR;
				GCC_WARN_UNDECLARED_SELECTOR = YES;
				GCC_WARN_UNINITIALIZED_AUTOS = YES_AGGRESSIVE;
				GCC_WARN_UNUSED_FUNCTION = YES;
				GCC_WARN_UNUSED_VARIABLE = YES;
				IPHONEOS_DEPLOYMENT_TARGET = 16.2;
				MTL_ENABLE_DEBUG_INFO = NO;
				MTL_FAST_MATH = YES;
				SDKROOT = iphoneos;
				SWIFT_COMPILATION_MODE = wholemodule;
				SWIFT_OPTIMIZATION_LEVEL = "-O";
				VALIDATE_PRODUCT = YES;
			};
			name = Release;
		};
		9EDC193A29ABB98200BFE2CD /* Debug */ = {
			isa = XCBuildConfiguration;
			buildSettings = {
				ASSETCATALOG_COMPILER_APPICON_NAME = AppIcon;
				ASSETCATALOG_COMPILER_GLOBAL_ACCENT_COLOR_NAME = AccentColor;
				CODE_SIGN_STYLE = Automatic;
				CURRENT_PROJECT_VERSION = 1;
				DEVELOPMENT_TEAM = 52V9YXPJQB;
				GENERATE_INFOPLIST_FILE = YES;
				INFOPLIST_FILE = workoutTracker/Supporting/Info.plist;
				INFOPLIST_KEY_UIApplicationSupportsIndirectInputEvents = YES;
				INFOPLIST_KEY_UILaunchStoryboardName = LaunchScreen;
				INFOPLIST_KEY_UISupportedInterfaceOrientations = UIInterfaceOrientationPortrait;
				INFOPLIST_KEY_UISupportedInterfaceOrientations_iPad = "UIInterfaceOrientationLandscapeLeft UIInterfaceOrientationLandscapeRight UIInterfaceOrientationPortrait UIInterfaceOrientationPortraitUpsideDown";
				LD_RUNPATH_SEARCH_PATHS = (
					"$(inherited)",
					"@executable_path/Frameworks",
				);
				MARKETING_VERSION = 1.0;
				PRODUCT_BUNDLE_IDENTIFIER = prokodan.workoutTracker;
				PRODUCT_NAME = "$(TARGET_NAME)";
				SUPPORTED_PLATFORMS = "iphoneos iphonesimulator";
				SUPPORTS_MACCATALYST = NO;
				SUPPORTS_MAC_DESIGNED_FOR_IPHONE_IPAD = NO;
				SWIFT_EMIT_LOC_STRINGS = YES;
				SWIFT_VERSION = 5.0;
				TARGETED_DEVICE_FAMILY = 1;
			};
			name = Debug;
		};
		9EDC193B29ABB98200BFE2CD /* Release */ = {
			isa = XCBuildConfiguration;
			buildSettings = {
				ASSETCATALOG_COMPILER_APPICON_NAME = AppIcon;
				ASSETCATALOG_COMPILER_GLOBAL_ACCENT_COLOR_NAME = AccentColor;
				CODE_SIGN_STYLE = Automatic;
				CURRENT_PROJECT_VERSION = 1;
				DEVELOPMENT_TEAM = 52V9YXPJQB;
				GENERATE_INFOPLIST_FILE = YES;
				INFOPLIST_FILE = workoutTracker/Supporting/Info.plist;
				INFOPLIST_KEY_UIApplicationSupportsIndirectInputEvents = YES;
				INFOPLIST_KEY_UILaunchStoryboardName = LaunchScreen;
				INFOPLIST_KEY_UISupportedInterfaceOrientations = UIInterfaceOrientationPortrait;
				INFOPLIST_KEY_UISupportedInterfaceOrientations_iPad = "UIInterfaceOrientationLandscapeLeft UIInterfaceOrientationLandscapeRight UIInterfaceOrientationPortrait UIInterfaceOrientationPortraitUpsideDown";
				LD_RUNPATH_SEARCH_PATHS = (
					"$(inherited)",
					"@executable_path/Frameworks",
				);
				MARKETING_VERSION = 1.0;
				PRODUCT_BUNDLE_IDENTIFIER = prokodan.workoutTracker;
				PRODUCT_NAME = "$(TARGET_NAME)";
				SUPPORTED_PLATFORMS = "iphoneos iphonesimulator";
				SUPPORTS_MACCATALYST = NO;
				SUPPORTS_MAC_DESIGNED_FOR_IPHONE_IPAD = NO;
				SWIFT_EMIT_LOC_STRINGS = YES;
				SWIFT_VERSION = 5.0;
				TARGETED_DEVICE_FAMILY = 1;
			};
			name = Release;
		};
/* End XCBuildConfiguration section */

/* Begin XCConfigurationList section */
		9EDC191D29ABB98100BFE2CD /* Build configuration list for PBXProject "workoutTracker" */ = {
			isa = XCConfigurationList;
			buildConfigurations = (
				9EDC193729ABB98200BFE2CD /* Debug */,
				9EDC193829ABB98200BFE2CD /* Release */,
			);
			defaultConfigurationIsVisible = 0;
			defaultConfigurationName = Release;
		};
		9EDC193929ABB98200BFE2CD /* Build configuration list for PBXNativeTarget "workoutTracker" */ = {
			isa = XCConfigurationList;
			buildConfigurations = (
				9EDC193A29ABB98200BFE2CD /* Debug */,
				9EDC193B29ABB98200BFE2CD /* Release */,
			);
			defaultConfigurationIsVisible = 0;
			defaultConfigurationName = Release;
		};
/* End XCConfigurationList section */
	};
	rootObject = 9EDC191A29ABB98100BFE2CD /* Project object */;
}
